{
	"name": "zadaca_01",
	"version": "1.0.0",
	"lockfileVersion": 3,
	"requires": true,
	"packages": {
		"": {
			"name": "zadaca_01",
			"version": "1.0.0",
			"license": "ISC",
			"dependencies": {
				"base32-encoding": "file:../../../../usr/lib/node_modules/base32-encoding",
				"better-sqlite3": "file:../../../../usr/lib/node_modules/better-sqlite3",
				"cookie-parser": "file:../../../../usr/lib/node_modules/cookie-parser",
				"cors": "file:../../../../usr/lib/node_modules/cors",
				"express": "file:../../../../usr/lib/node_modules/express",
				"express-session": "file:../../../../usr/lib/node_modules/express-session",
				"jsonwebtoken": "file:../../../../usr/lib/node_modules/jsonwebtoken",
				"nodemailer": "file:../../../../usr/lib/node_modules/nodemailer",
				"totp-generator": "file:../../../../usr/lib/node_modules/totp-generator"
			}
		},
		"../../../../usr/lib/node_modules/base32-encoding": {},
		"../../../../usr/lib/node_modules/better-sqlite3": {},
		"../../../../usr/lib/node_modules/cookie-parser": {},
		"../../../../usr/lib/node_modules/cors": {},
		"../../../../usr/lib/node_modules/express": {},
		"../../../../usr/lib/node_modules/express-session": {},
		"../../../../usr/lib/node_modules/jsonwebtoken": {},
		"../../../../usr/lib/node_modules/nodemailer": {},
		"../../../../usr/lib/node_modules/totp-generator": {},
		"node_modules/base32-encoding": {
			"resolved": "../../../../usr/lib/node_modules/base32-encoding",
			"link": true
		},
		"node_modules/better-sqlite3": {
			"resolved": "../../../../usr/lib/node_modules/better-sqlite3",
			"link": true
		},
		"node_modules/cookie-parser": {
			"resolved": "../../../../usr/lib/node_modules/cookie-parser",
			"link": true
		},
		"node_modules/cors": {
			"resolved": "../../../../usr/lib/node_modules/cors",
			"link": true
		},
		"node_modules/express": {
			"resolved": "../../../../usr/lib/node_modules/express",
			"link": true
		},
		"node_modules/express-session": {
			"resolved": "../../../../usr/lib/node_modules/express-session",
			"link": true
		},
		"node_modules/jsonwebtoken": {
			"resolved": "../../../../usr/lib/node_modules/jsonwebtoken",
			"link": true
		},
		"node_modules/nodemailer": {
			"resolved": "../../../../usr/lib/node_modules/nodemailer",
			"link": true
		},
		"node_modules/totp-generator": {
			"resolved": "../../../../usr/lib/node_modules/totp-generator",
			"link": true
		}
	}
}
